
Microsoft Visual Studio Solution File, Format Version 12.00
# Visual Studio Version 17
VisualStudioVersion = 17.2.32519.379
MinimumVisualStudioVersion = 10.0.40219.1
Project("{FAE04EC0-301F-11D3-BF4B-00C04F79EFBC}") = "UserDirectory.Api", "UserDirectory.Api\UserDirectory.Api.csproj", "{1FDE9E04-E11F-4939-813E-7298E3C522BE}"
EndProject
Project("{FAE04EC0-301F-11D3-BF4B-00C04F79EFBC}") = "UserDirectory.Domain", "UserDirectory.Domain\UserDirectory.Domain.csproj", "{AD0242E2-DB23-4482-A8BE-FF432CFD8398}"
EndProject
Project("{FAE04EC0-301F-11D3-BF4B-00C04F79EFBC}") = "UserDirectory.Data.SqlServer", "UserDirectory.Data.SqlServer\UserDirectory.Data.SqlServer.csproj", "{5A13F95F-7AA7-49D6-849E-384A15C10025}"
EndProject
Global
	GlobalSection(SolutionConfigurationPlatforms) = preSolution
		Debug|Any CPU = Debug|Any CPU
		Release|Any CPU = Release|Any CPU
	EndGlobalSection
	GlobalSection(ProjectConfigurationPlatforms) = postSolution
		{1FDE9E04-E11F-4939-813E-7298E3C522BE}.Debug|Any CPU.ActiveCfg = Debug|Any CPU
		{1FDE9E04-E11F-4939-813E-7298E3C522BE}.Debug|Any CPU.Build.0 = Debug|Any CPU
		{1FDE9E04-E11F-4939-813E-7298E3C522BE}.Release|Any CPU.ActiveCfg = Release|Any CPU
		{1FDE9E04-E11F-4939-813E-7298E3C522BE}.Release|Any CPU.Build.0 = Release|Any CPU
		{AD0242E2-DB23-4482-A8BE-FF432CFD8398}.Debug|Any CPU.ActiveCfg = Debug|Any CPU
		{AD0242E2-DB23-4482-A8BE-FF432CFD8398}.Debug|Any CPU.Build.0 = Debug|Any CPU
		{AD0242E2-DB23-4482-A8BE-FF432CFD8398}.Release|Any CPU.ActiveCfg = Release|Any CPU
		{AD0242E2-DB23-4482-A8BE-FF432CFD8398}.Release|Any CPU.Build.0 = Release|Any CPU
		{5A13F95F-7AA7-49D6-849E-384A15C10025}.Debug|Any CPU.ActiveCfg = Debug|Any CPU
		{5A13F95F-7AA7-49D6-849E-384A15C10025}.Debug|Any CPU.Build.0 = Debug|Any CPU
		{5A13F95F-7AA7-49D6-849E-384A15C10025}.Release|Any CPU.ActiveCfg = Release|Any CPU
		{5A13F95F-7AA7-49D6-849E-384A15C10025}.Release|Any CPU.Build.0 = Release|Any CPU
	EndGlobalSection
	GlobalSection(SolutionProperties) = preSolution
		HideSolutionNode = FALSE
	EndGlobalSection
	GlobalSection(ExtensibilityGlobals) = postSolution
		SolutionGuid = {5102704F-7916-469E-B3BC-26A1CF9BD4EF}
	EndGlobalSection
EndGlobal
